// !$*UTF8*$!
{
	archiveVersion = 1;
	classes = {
	};
	objectVersion = 46;
	objects = {

/* Begin PBXBuildFile section */
		533072041F23980D000D74A8 /* AppDelegate.swift in Sources */ = {isa = PBXBuildFile; fileRef = 533072031F23980D000D74A8 /* AppDelegate.swift */; };
		533072061F23980D000D74A8 /* ViewController.swift in Sources */ = {isa = PBXBuildFile; fileRef = 533072051F23980D000D74A8 /* ViewController.swift */; };
		533072091F23980D000D74A8 /* Main.storyboard in Resources */ = {isa = PBXBuildFile; fileRef = 533072071F23980D000D74A8 /* Main.storyboard */; };
		5330720B1F23980D000D74A8 /* Assets.xcassets in Resources */ = {isa = PBXBuildFile; fileRef = 5330720A1F23980D000D74A8 /* Assets.xcassets */; };
		5330720E1F23980D000D74A8 /* LaunchScreen.storyboard in Resources */ = {isa = PBXBuildFile; fileRef = 5330720C1F23980D000D74A8 /* LaunchScreen.storyboard */; };
		533072191F23980E000D74A8 /* MiraclePillTests.swift in Sources */ = {isa = PBXBuildFile; fileRef = 533072181F23980E000D74A8 /* MiraclePillTests.swift */; };
		533072241F23980E000D74A8 /* MiraclePillUITests.swift in Sources */ = {isa = PBXBuildFile; fileRef = 533072231F23980E000D74A8 /* MiraclePillUITests.swift */; };
/* End PBXBuildFile section */

/* Begin PBXContainerItemProxy section */
		533072151F23980E000D74A8 /* PBXContainerItemProxy */ = {
			isa = PBXContainerItemProxy;
			containerPortal = 533071F81F23980D000D74A8 /* Project object */;
			proxyType = 1;
			remoteGlobalIDString = 533071FF1F23980D000D74A8;
			remoteInfo = MiraclePill;
		};
		533072201F23980E000D74A8 /* PBXContainerItemProxy */ = {
			isa = PBXContainerItemProxy;
			containerPortal = 533071F81F23980D000D74A8 /* Project object */;
			proxyType = 1;
			remoteGlobalIDString = 533071FF1F23980D000D74A8;
			remoteInfo = MiraclePill;
		};
/* End PBXContainerItemProxy section */

/* Begin PBXFileReference section */
		533072001F23980D000D74A8 /* MiraclePill.app */ = {isa = PBXFileReference; explicitFileType = wrapper.application; includeInIndex = 0; path = MiraclePill.app; sourceTree = BUILT_PRODUCTS_DIR; };
		533072031F23980D000D74A8 /* AppDelegate.swift */ = {isa = PBXFileReference; lastKnownFileType = sourcecode.swift; path = AppDelegate.swift; sourceTree = "<group>"; };
		533072051F23980D000D74A8 /* ViewController.swift */ = {isa = PBXFileReference; lastKnownFileType = sourcecode.swift; path = ViewController.swift; sourceTree = "<group>"; };
		533072081F23980D000D74A8 /* Base */ = {isa = PBXFileReference; lastKnownFileType = file.storyboard; name = Base; path = Base.lproj/Main.storyboard; sourceTree = "<group>"; };
		5330720A1F23980D000D74A8 /* Assets.xcassets */ = {isa = PBXFileReference; lastKnownFileType = folder.assetcatalog; path = Assets.xcassets; sourceTree = "<group>"; };
		5330720D1F23980D000D74A8 /* Base */ = {isa = PBXFileReference; lastKnownFileType = file.storyboard; name = Base; path = Base.lproj/LaunchScreen.storyboard; sourceTree = "<group>"; };
		5330720F1F23980D000D74A8 /* Info.plist */ = {isa = PBXFileReference; lastKnownFileType = text.plist.xml; path = Info.plist; sourceTree = "<group>"; };
		533072141F23980E000D74A8 /* MiraclePillTests.xctest */ = {isa = PBXFileReference; explicitFileType = wrapper.cfbundle; includeInIndex = 0; path = MiraclePillTests.xctest; sourceTree = BUILT_PRODUCTS_DIR; };
		533072181F23980E000D74A8 /* MiraclePillTests.swift */ = {isa = PBXFileReference; lastKnownFileType = sourcecode.swift; path = MiraclePillTests.swift; sourceTree = "<group>"; };
		5330721A1F23980E000D74A8 /* Info.plist */ = {isa = PBXFileReference; lastKnownFileType = text.plist.xml; path = Info.plist; sourceTree = "<group>"; };
		5330721F1F23980E000D74A8 /* MiraclePillUITests.xctest */ = {isa = PBXFileReference; explicitFileType = wrapper.cfbundle; includeInIndex = 0; path = MiraclePillUITests.xctest; sourceTree = BUILT_PRODUCTS_DIR; };
		533072231F23980E000D74A8 /* MiraclePillUITests.swift */ = {isa = PBXFileReference; lastKnownFileType = sourcecode.swift; path = MiraclePillUITests.swift; sourceTree = "<group>"; };
		533072251F23980E000D74A8 /* Info.plist */ = {isa = PBXFileReference; lastKnownFileType = text.plist.xml; path = Info.plist; sourceTree = "<group>"; };
/* End PBXFileReference section */

/* Begin PBXFrameworksBuildPhase section */
		533071FD1F23980D000D74A8 /* Frameworks */ = {
			isa = PBXFrameworksBuildPhase;
			buildActionMask = 2147483647;
			files = (
			);
			runOnlyForDeploymentPostprocessing = 0;
		};
		533072111F23980E000D74A8 /* Frameworks */ = {
			isa = PBXFrameworksBuildPhase;
			buildActionMask = 2147483647;
			files = (
			);
			runOnlyForDeploymentPostprocessing = 0;
		};
		5330721C1F23980E000D74A8 /* Frameworks */ = {
			isa = PBXFrameworksBuildPhase;
			buildActionMask = 2147483647;
			files = (
			);
			runOnlyForDeploymentPostprocessing = 0;
		};
/* End PBXFrameworksBuildPhase section */

/* Begin PBXGroup section */
		533071F71F23980D000D74A8 = {
			isa = PBXGroup;
			children = (
				533072021F23980D000D74A8 /* MiraclePill */,
				533072171F23980E000D74A8 /* MiraclePillTests */,
				533072221F23980E000D74A8 /* MiraclePillUITests */,
				533072011F23980D000D74A8 /* Products */,
			);
			sourceTree = "<group>";
		};
		533072011F23980D000D74A8 /* Products */ = {
			isa = PBXGroup;
			children = (
				533072001F23980D000D74A8 /* MiraclePill.app */,
				533072141F23980E000D74A8 /* MiraclePillTests.xctest */,
				5330721F1F23980E000D74A8 /* MiraclePillUITests.xctest */,
			);
			name = Products;
			sourceTree = "<group>";
		};
		533072021F23980D000D74A8 /* MiraclePill */ = {
			isa = PBXGroup;
			children = (
				533072031F23980D000D74A8 /* AppDelegate.swift */,
				533072051F23980D000D74A8 /* ViewController.swift */,
				533072071F23980D000D74A8 /* Main.storyboard */,
				5330720A1F23980D000D74A8 /* Assets.xcassets */,
				5330720C1F23980D000D74A8 /* LaunchScreen.storyboard */,
				5330720F1F23980D000D74A8 /* Info.plist */,
			);
			path = MiraclePill;
			sourceTree = "<group>";
		};
		533072171F23980E000D74A8 /* MiraclePillTests */ = {
			isa = PBXGroup;
			children = (
				533072181F23980E000D74A8 /* MiraclePillTests.swift */,
				5330721A1F23980E000D74A8 /* Info.plist */,
			);
			path = MiraclePillTests;
			sourceTree = "<group>";
		};
		533072221F23980E000D74A8 /* MiraclePillUITests */ = {
			isa = PBXGroup;
			children = (
				533072231F23980E000D74A8 /* MiraclePillUITests.swift */,
				533072251F23980E000D74A8 /* Info.plist */,
			);
			path = MiraclePillUITests;
			sourceTree = "<group>";
		};
/* End PBXGroup section */

/* Begin PBXNativeTarget section */
		533071FF1F23980D000D74A8 /* MiraclePill */ = {
			isa = PBXNativeTarget;
			buildConfigurationList = 533072281F23980E000D74A8 /* Build configuration list for PBXNativeTarget "MiraclePill" */;
			buildPhases = (
				533071FC1F23980D000D74A8 /* Sources */,
				533071FD1F23980D000D74A8 /* Frameworks */,
				533071FE1F23980D000D74A8 /* Resources */,
			);
			buildRules = (
			);
			dependencies = (
			);
			name = MiraclePill;
			productName = MiraclePill;
			productReference = 533072001F23980D000D74A8 /* MiraclePill.app */;
			productType = "com.apple.product-type.application";
		};
		533072131F23980E000D74A8 /* MiraclePillTests */ = {
			isa = PBXNativeTarget;
			buildConfigurationList = 5330722B1F23980E000D74A8 /* Build configuration list for PBXNativeTarget "MiraclePillTests" */;
			buildPhases = (
				533072101F23980E000D74A8 /* Sources */,
				533072111F23980E000D74A8 /* Frameworks */,
				533072121F23980E000D74A8 /* Resources */,
			);
			buildRules = (
			);
			dependencies = (
				533072161F23980E000D74A8 /* PBXTargetDependency */,
			);
			name = MiraclePillTests;
			productName = MiraclePillTests;
			productReference = 533072141F23980E000D74A8 /* MiraclePillTests.xctest */;
			productType = "com.apple.product-type.bundle.unit-test";
		};
		5330721E1F23980E000D74A8 /* MiraclePillUITests */ = {
			isa = PBXNativeTarget;
			buildConfigurationList = 5330722E1F23980E000D74A8 /* Build configuration list for PBXNativeTarget "MiraclePillUITests" */;
			buildPhases = (
				5330721B1F23980E000D74A8 /* Sources */,
				5330721C1F23980E000D74A8 /* Frameworks */,
				5330721D1F23980E000D74A8 /* Resources */,
			);
			buildRules = (
			);
			dependencies = (
				533072211F23980E000D74A8 /* PBXTargetDependency */,
			);
			name = MiraclePillUITests;
			productName = MiraclePillUITests;
			productReference = 5330721F1F23980E000D74A8 /* MiraclePillUITests.xctest */;
			productType = "com.apple.product-type.bundle.ui-testing";
		};
/* End PBXNativeTarget section */

/* Begin PBXProject section */
		533071F81F23980D000D74A8 /* Project object */ = {
			isa = PBXProject;
			attributes = {
				LastSwiftUpdateCheck = 0830;
				LastUpgradeCheck = 0830;
				ORGANIZATIONNAME = "Keith Black";
				TargetAttributes = {
					533071FF1F23980D000D74A8 = {
						CreatedOnToolsVersion = 8.3.3;
						ProvisioningStyle = Automatic;
					};
					533072131F23980E000D74A8 = {
						CreatedOnToolsVersion = 8.3.3;
						ProvisioningStyle = Automatic;
						TestTargetID = 533071FF1F23980D000D74A8;
					};
					5330721E1F23980E000D74A8 = {
						CreatedOnToolsVersion = 8.3.3;
						ProvisioningStyle = Automatic;
						TestTargetID = 533071FF1F23980D000D74A8;
					};
				};
			};
			buildConfigurationList = 533071FB1F23980D000D74A8 /* Build configuration list for PBXProject "MiraclePill" */;
			compatibilityVersion = "Xcode 3.2";
			developmentRegion = English;
			hasScannedForEncodings = 0;
			knownRegions = (
				en,
				Base,
			);
			mainGroup = 533071F71F23980D000D74A8;
			productRefGroup = 533072011F23980D000D74A8 /* Products */;
			projectDirPath = "";
			projectRoot = "";
			targets = (
				533071FF1F23980D000D74A8 /* MiraclePill */,
				533072131F23980E000D74A8 /* MiraclePillTests */,
				5330721E1F23980E000D74A8 /* MiraclePillUITests */,
			);
		};
/* End PBXProject section */

/* Begin PBXResourcesBuildPhase section */
		533071FE1F23980D000D74A8 /* Resources */ = {
			isa = PBXResourcesBuildPhase;
			buildActionMask = 2147483647;
			files = (
				5330720E1F23980D000D74A8 /* LaunchScreen.storyboard in Resources */,
				5330720B1F23980D000D74A8 /* Assets.xcassets in Resources */,
				533072091F23980D000D74A8 /* Main.storyboard in Resources */,
			);
			runOnlyForDeploymentPostprocessing = 0;
		};
		533072121F23980E000D74A8 /* Resources */ = {
			isa = PBXResourcesBuildPhase;
			buildActionMask = 2147483647;
			files = (
			);
			runOnlyForDeploymentPostprocessing = 0;
		};
		5330721D1F23980E000D74A8 /* Resources */ = {
			isa = PBXResourcesBuildPhase;
			buildActionMask = 2147483647;
			files = (
			);
			runOnlyForDeploymentPostprocessing = 0;
		};
/* End PBXResourcesBuildPhase section */

/* Begin PBXSourcesBuildPhase section */
		533071FC1F23980D000D74A8 /* Sources */ = {
			isa = PBXSourcesBuildPhase;
			buildActionMask = 2147483647;
			files = (
				533072061F23980D000D74A8 /* ViewController.swift in Sources */,
				533072041F23980D000D74A8 /* AppDelegate.swift in Sources */,
			);
			runOnlyForDeploymentPostprocessing = 0;
		};
		533072101F23980E000D74A8 /* Sources */ = {
			isa = PBXSourcesBuildPhase;
			buildActionMask = 2147483647;
			files = (
				533072191F23980E000D74A8 /* MiraclePillTests.swift in Sources */,
			);
			runOnlyForDeploymentPostprocessing = 0;
		};
		5330721B1F23980E000D74A8 /* Sources */ = {
			isa = PBXSourcesBuildPhase;
			buildActionMask = 2147483647;
			files = (
				533072241F23980E000D74A8 /* MiraclePillUITests.swift in Sources */,
			);
			runOnlyForDeploymentPostprocessing = 0;
		};
/* End PBXSourcesBuildPhase section */

/* Begin PBXTargetDependency section */
		533072161F23980E000D74A8 /* PBXTargetDependency */ = {
			isa = PBXTargetDependency;
			target = 533071FF1F23980D000D74A8 /* MiraclePill */;
			targetProxy = 533072151F23980E000D74A8 /* PBXContainerItemProxy */;
		};
		533072211F23980E000D74A8 /* PBXTargetDependency */ = {
			isa = PBXTargetDependency;
			target = 533071FF1F23980D000D74A8 /* MiraclePill */;
			targetProxy = 533072201F23980E000D74A8 /* PBXContainerItemProxy */;
		};
/* End PBXTargetDependency section */

/* Begin PBXVariantGroup section */
		533072071F23980D000D74A8 /* Main.storyboard */ = {
			isa = PBXVariantGroup;
			children = (
				533072081F23980D000D74A8 /* Base */,
			);
			name = Main.storyboard;
			sourceTree = "<group>";
		};
		5330720C1F23980D000D74A8 /* LaunchScreen.storyboard */ = {
			isa = PBXVariantGroup;
			children = (
				5330720D1F23980D000D74A8 /* Base */,
			);
			name = LaunchScreen.storyboard;
			sourceTree = "<group>";
		};
/* End PBXVariantGroup section */

/* Begin XCBuildConfiguration section */
		533072261F23980E000D74A8 /* Debug */ = {
			isa = XCBuildConfiguration;
			buildSettings = {
				ALWAYS_SEARCH_USER_PATHS = NO;
				CLANG_ANALYZER_NONNULL = YES;
				CLANG_ANALYZER_NUMBER_OBJECT_CONVERSION = YES_AGGRESSIVE;
				CLANG_CXX_LANGUAGE_STANDARD = "gnu++0x";
				CLANG_CXX_LIBRARY = "libc++";
				CLANG_ENABLE_MODULES = YES;
				CLANG_ENABLE_OBJC_ARC = YES;
				CLANG_WARN_BOOL_CONVERSION = YES;
				CLANG_WARN_CONSTANT_CONVERSION = YES;
				CLANG_WARN_DIRECT_OBJC_ISA_USAGE = YES_ERROR;
				CLANG_WARN_DOCUMENTATION_COMMENTS = YES;
				CLANG_WARN_EMPTY_BODY = YES;
				CLANG_WARN_ENUM_CONVERSION = YES;
				CLANG_WARN_INFINITE_RECURSION = YES;
				CLANG_WARN_INT_CONVERSION = YES;
				CLANG_WARN_OBJC_ROOT_CLASS = YES_ERROR;
				CLANG_WARN_SUSPICIOUS_MOVE = YES;
				CLANG_WARN_UNREACHABLE_CODE = YES;
				CLANG_WARN__DUPLICATE_METHOD_MATCH = YES;
				"CODE_SIGN_IDENTITY[sdk=iphoneos*]" = "iPhone Developer";
				COPY_PHASE_STRIP = NO;
				DEBUG_INFORMATION_FORMAT = dwarf;
				ENABLE_STRICT_OBJC_MSGSEND = YES;
				ENABLE_TESTABILITY = YES;
				GCC_C_LANGUAGE_STANDARD = gnu99;
				GCC_DYNAMIC_NO_PIC = NO;
				GCC_NO_COMMON_BLOCKS = YES;
				GCC_OPTIMIZATION_LEVEL = 0;
				GCC_PREPROCESSOR_DEFINITIONS = (
					"DEBUG=1",
					"$(inherited)",
				);
				GCC_WARN_64_TO_32_BIT_CONVERSION = YES;
				GCC_WARN_ABOUT_RETURN_TYPE = YES_ERROR;
				GCC_WARN_UNDECLARED_SELECTOR = YES;
				GCC_WARN_UNINITIALIZED_AUTOS = YES_AGGRESSIVE;
				GCC_WARN_UNUSED_FUNCTION = YES;
				GCC_WARN_UNUSED_VARIABLE = YES;
				IPHONEOS_DEPLOYMENT_TARGET = 10.3;
				MTL_ENABLE_DEBUG_INFO = YES;
				ONLY_ACTIVE_ARCH = YES;
				SDKROOT = iphoneos;
				SWIFT_ACTIVE_COMPILATION_CONDITIONS = DEBUG;
				SWIFT_OPTIMIZATION_LEVEL = "-Onone";
				TARGETED_DEVICE_FAMILY = "1,2";
			};
			name = Debug;
		};
		533072271F23980E000D74A8 /* Release */ = {
			isa = XCBuildConfiguration;
			buildSettings = {
				ALWAYS_SEARCH_USER_PATHS = NO;
				CLANG_ANALYZER_NONNULL = YES;
				CLANG_ANALYZER_NUMBER_OBJECT_CONVERSION = YES_AGGRESSIVE;
				CLANG_CXX_LANGUAGE_STANDARD = "gnu++0x";
				CLANG_CXX_LIBRARY = "libc++";
				CLANG_ENABLE_MODULES = YES;
				CLANG_ENABLE_OBJC_ARC = YES;
				CLANG_WARN_BOOL_CONVERSION = YES;
				CLANG_WARN_CONSTANT_CONVERSION = YES;
				CLANG_WARN_DIRECT_OBJC_ISA_USAGE = YES_ERROR;
				CLANG_WARN_DOCUMENTATION_COMMENTS = YES;
				CLANG_WARN_EMPTY_BODY = YES;
				CLANG_WARN_ENUM_CONVERSION = YES;
				CLANG_WARN_INFINITE_RECURSION = YES;
				CLANG_WARN_INT_CONVERSION = YES;
				CLANG_WARN_OBJC_ROOT_CLASS = YES_ERROR;
				CLANG_WARN_SUSPICIOUS_MOVE = YES;
				CLANG_WARN_UNREACHABLE_CODE = YES;
				CLANG_WARN__DUPLICATE_METHOD_MATCH = YES;
				"CODE_SIGN_IDENTITY[sdk=iphoneos*]" = "iPhone Developer";
				COPY_PHASE_STRIP = NO;
				DEBUG_INFORMATION_FORMAT = "dwarf-with-dsym";
				ENABLE_NS_ASSERTIONS = NO;
				ENABLE_STRICT_OBJC_MSGSEND = YES;
				GCC_C_LANGUAGE_STANDARD = gnu99;
				GCC_NO_COMMON_BLOCKS = YES;
				GCC_WARN_64_TO_32_BIT_CONVERSION = YES;
				GCC_WARN_ABOUT_RETURN_TYPE = YES_ERROR;
				GCC_WARN_UNDECLARED_SELECTOR = YES;
				GCC_WARN_UNINITIALIZED_AUTOS = YES_AGGRESSIVE;
				GCC_WARN_UNUSED_FUNCTION = YES;
				GCC_WARN_UNUSED_VARIABLE = YES;
				IPHONEOS_DEPLOYMENT_TARGET = 10.3;
				MTL_ENABLE_DEBUG_INFO = NO;
				SDKROOT = iphoneos;
				SWIFT_OPTIMIZATION_LEVEL = "-Owholemodule";
				TARGETED_DEVICE_FAMILY = "1,2";
				VALIDATE_PRODUCT = YES;
			};
			name = Release;
		};
		533072291F23980E000D74A8 /* Debug */ = {
			isa = XCBuildConfiguration;
			buildSettings = {
				ASSETCATALOG_COMPILER_APPICON_NAME = AppIcon;
				INFOPLIST_FILE = MiraclePill/Info.plist;
				LD_RUNPATH_SEARCH_PATHS = "$(inherited) @executable_path/Frameworks";
				PRODUCT_BUNDLE_IDENTIFIER = ca.kbnetwork.ca.MiraclePill;
				PRODUCT_NAME = "$(TARGET_NAME)";
				SWIFT_VERSION = 3.0;
			};
			name = Debug;
		};
		5330722A1F23980E000D74A8 /* Release */ = {
			isa = XCBuildConfiguration;
			buildSettings = {
				ASSETCATALOG_COMPILER_APPICON_NAME = AppIcon;
				INFOPLIST_FILE = MiraclePill/Info.plist;
				LD_RUNPATH_SEARCH_PATHS = "$(inherited) @executable_path/Frameworks";
				PRODUCT_BUNDLE_IDENTIFIER = ca.kbnetwork.ca.MiraclePill;
				PRODUCT_NAME = "$(TARGET_NAME)";
				SWIFT_VERSION = 3.0;
			};
			name = Release;
		};
		5330722C1F23980E000D74A8 /* Debug */ = {
			isa = XCBuildConfiguration;
			buildSettings = {
				ALWAYS_EMBED_SWIFT_STANDARD_LIBRARIES = YES;
				BUNDLE_LOADER = "$(TEST_HOST)";
				INFOPLIST_FILE = MiraclePillTests/Info.plist;
				LD_RUNPATH_SEARCH_PATHS = "$(inherited) @executable_path/Frameworks @loader_path/Frameworks";
				PRODUCT_BUNDLE_IDENTIFIER = ca.kbnetwork.ca.MiraclePillTests;
				PRODUCT_NAME = "$(TARGET_NAME)";
				SWIFT_VERSION = 3.0;
				TEST_HOST = "$(BUILT_PRODUCTS_DIR)/MiraclePill.app/MiraclePill";
			};
			name = Debug;
		};
		5330722D1F23980E000D74A8 /* Release */ = {
			isa = XCBuildConfiguration;
			buildSettings = {
				ALWAYS_EMBED_SWIFT_STANDARD_LIBRARIES = YES;
				BUNDLE_LOADER = "$(TEST_HOST)";
				INFOPLIST_FILE = MiraclePillTests/Info.plist;
				LD_RUNPATH_SEARCH_PATHS = "$(inherited) @executable_path/Frameworks @loader_path/Frameworks";
				PRODUCT_BUNDLE_IDENTIFIER = ca.kbnetwork.ca.MiraclePillTests;
				PRODUCT_NAME = "$(TARGET_NAME)";
				SWIFT_VERSION = 3.0;
				TEST_HOST = "$(BUILT_PRODUCTS_DIR)/MiraclePill.app/MiraclePill";
			};
			name = Release;
		};
		5330722F1F23980E000D74A8 /* Debug */ = {
			isa = XCBuildConfiguration;
			buildSettings = {
				ALWAYS_EMBED_SWIFT_STANDARD_LIBRARIES = YES;
				INFOPLIST_FILE = MiraclePillUITests/Info.plist;
				LD_RUNPATH_SEARCH_PATHS = "$(inherited) @executable_path/Frameworks @loader_path/Frameworks";
				PRODUCT_BUNDLE_IDENTIFIER = ca.kbnetwork.ca.MiraclePillUITests;
				PRODUCT_NAME = "$(TARGET_NAME)";
				SWIFT_VERSION = 3.0;
				TEST_TARGET_NAME = MiraclePill;
			};
			name = Debug;
		};
		533072301F23980E000D74A8 /* Release */ = {
			isa = XCBuildConfiguration;
			buildSettings = {
				ALWAYS_EMBED_SWIFT_STANDARD_LIBRARIES = YES;
				INFOPLIST_FILE = MiraclePillUITests/Info.plist;
				LD_RUNPATH_SEARCH_PATHS = "$(inherited) @executable_path/Frameworks @loader_path/Frameworks";
				PRODUCT_BUNDLE_IDENTIFIER = ca.kbnetwork.ca.MiraclePillUITests;
				PRODUCT_NAME = "$(TARGET_NAME)";
				SWIFT_VERSION = 3.0;
				TEST_TARGET_NAME = MiraclePill;
			};
			name = Release;
		};
/* End XCBuildConfiguration section */

/* Begin XCConfigurationList section */
		533071FB1F23980D000D74A8 /* Build configuration list for PBXProject "MiraclePill" */ = {
			isa = XCConfigurationList;
			buildConfigurations = (
				533072261F23980E000D74A8 /* Debug */,
				533072271F23980E000D74A8 /* Release */,
			);
			defaultConfigurationIsVisible = 0;
			defaultConfigurationName = Release;
		};
		533072281F23980E000D74A8 /* Build configuration list for PBXNativeTarget "MiraclePill" */ = {
			isa = XCConfigurationList;
			buildConfigurations = (
				533072291F23980E000D74A8 /* Debug */,
				5330722A1F23980E000D74A8 /* Release */,
			);
			defaultConfigurationIsVisible = 0;
		};
		5330722B1F23980E000D74A8 /* Build configuration list for PBXNativeTarget "MiraclePillTests" */ = {
			isa = XCConfigurationList;
			buildConfigurations = (
				5330722C1F23980E000D74A8 /* Debug */,
				5330722D1F23980E000D74A8 /* Release */,
			);
			defaultConfigurationIsVisible = 0;
		};
		5330722E1F23980E000D74A8 /* Build configuration list for PBXNativeTarget "MiraclePillUITests" */ = {
			isa = XCConfigurationList;
			buildConfigurations = (
				5330722F1F23980E000D74A8 /* Debug */,
				533072301F23980E000D74A8 /* Release */,
			);
			defaultConfigurationIsVisible = 0;
		};
/* End XCConfigurationList section */
	};
	rootObject = 533071F81F23980D000D74A8 /* Project object */;
}
